// !$*UTF8*$!
{
	archiveVersion = 1;
	classes = {
	};
	objectVersion = 48;
	objects = {

/* Begin PBXBuildFile section */
		632E5954200469B90053F401 /* PersonaLocalDataManager.swift in Sources */ = {isa = PBXBuildFile; fileRef = 632E5953200469B90053F401 /* PersonaLocalDataManager.swift */; };
		633C0D0620E88DE5006DAAB3 /* Main.storyboard in Resources */ = {isa = PBXBuildFile; fileRef = 633C0D0520E88DE5006DAAB3 /* Main.storyboard */; };
		6341AADD1FFF18AB003B4B1D /* AddViewController.swift in Sources */ = {isa = PBXBuildFile; fileRef = 6341AADC1FFF18AB003B4B1D /* AddViewController.swift */; };
		63A0EFFF1FF87E2700E0DD55 /* Interactor.swift in Sources */ = {isa = PBXBuildFile; fileRef = 63A0EFFE1FF87E2700E0DD55 /* Interactor.swift */; };
		63A0F0021FF880D600E0DD55 /* InputOutput.swift in Sources */ = {isa = PBXBuildFile; fileRef = 63A0F0011FF880D600E0DD55 /* InputOutput.swift */; };
		63A0F0041FF8822B00E0DD55 /* Routing.swift in Sources */ = {isa = PBXBuildFile; fileRef = 63A0F0031FF8822B00E0DD55 /* Routing.swift */; };
		63C9CA711FD79E6F0027763B /* AppDelegate.swift in Sources */ = {isa = PBXBuildFile; fileRef = 63C9CA701FD79E6F0027763B /* AppDelegate.swift */; };
		63C9CA781FD79E6F0027763B /* Assets.xcassets in Resources */ = {isa = PBXBuildFile; fileRef = 63C9CA771FD79E6F0027763B /* Assets.xcassets */; };
		63C9CA7B1FD79E6F0027763B /* LaunchScreen.storyboard in Resources */ = {isa = PBXBuildFile; fileRef = 63C9CA791FD79E6F0027763B /* LaunchScreen.storyboard */; };
		63C9CA861FD79E6F0027763B /* V_I_P_E_RTests.swift in Sources */ = {isa = PBXBuildFile; fileRef = 63C9CA851FD79E6F0027763B /* V_I_P_E_RTests.swift */; };
		63C9CA911FD79E700027763B /* V_I_P_E_RUITests.swift in Sources */ = {isa = PBXBuildFile; fileRef = 63C9CA901FD79E700027763B /* V_I_P_E_RUITests.swift */; };
		63C9CA9F1FD79FA70027763B /* TableViewController.swift in Sources */ = {isa = PBXBuildFile; fileRef = 63C9CA9E1FD79FA70027763B /* TableViewController.swift */; };
		63C9CAA11FD7A13A0027763B /* Entity.swift in Sources */ = {isa = PBXBuildFile; fileRef = 63C9CAA01FD7A13A0027763B /* Entity.swift */; };
		63C9CAA31FD7A1BF0027763B /* ViewProtocol.swift in Sources */ = {isa = PBXBuildFile; fileRef = 63C9CAA21FD7A1BF0027763B /* ViewProtocol.swift */; };
		63C9CAA51FD7A2790027763B /* Presenter.swift in Sources */ = {isa = PBXBuildFile; fileRef = 63C9CAA41FD7A2790027763B /* Presenter.swift */; };
/* End PBXBuildFile section */

/* Begin PBXContainerItemProxy section */
		63C9CA821FD79E6F0027763B /* PBXContainerItemProxy */ = {
			isa = PBXContainerItemProxy;
			containerPortal = 63C9CA651FD79E6F0027763B /* Project object */;
			proxyType = 1;
			remoteGlobalIDString = 63C9CA6C1FD79E6F0027763B;
			remoteInfo = V.I.P.E.R;
		};
		63C9CA8D1FD79E700027763B /* PBXContainerItemProxy */ = {
			isa = PBXContainerItemProxy;
			containerPortal = 63C9CA651FD79E6F0027763B /* Project object */;
			proxyType = 1;
			remoteGlobalIDString = 63C9CA6C1FD79E6F0027763B;
			remoteInfo = V.I.P.E.R;
		};
/* End PBXContainerItemProxy section */

/* Begin PBXFileReference section */
		632E5953200469B90053F401 /* PersonaLocalDataManager.swift */ = {isa = PBXFileReference; lastKnownFileType = sourcecode.swift; path = PersonaLocalDataManager.swift; sourceTree = "<group>"; };
		633C0D0520E88DE5006DAAB3 /* Main.storyboard */ = {isa = PBXFileReference; fileEncoding = 4; lastKnownFileType = file.storyboard; path = Main.storyboard; sourceTree = "<group>"; };
		6341AADC1FFF18AB003B4B1D /* AddViewController.swift */ = {isa = PBXFileReference; lastKnownFileType = sourcecode.swift; path = AddViewController.swift; sourceTree = "<group>"; };
		63A0EFFE1FF87E2700E0DD55 /* Interactor.swift */ = {isa = PBXFileReference; lastKnownFileType = sourcecode.swift; path = Interactor.swift; sourceTree = "<group>"; };
		63A0F0011FF880D600E0DD55 /* InputOutput.swift */ = {isa = PBXFileReference; lastKnownFileType = sourcecode.swift; path = InputOutput.swift; sourceTree = "<group>"; };
		63A0F0031FF8822B00E0DD55 /* Routing.swift */ = {isa = PBXFileReference; lastKnownFileType = sourcecode.swift; path = Routing.swift; sourceTree = "<group>"; };
		63C9CA6D1FD79E6F0027763B /* V.I.P.E.R.app */ = {isa = PBXFileReference; explicitFileType = wrapper.application; includeInIndex = 0; path = V.I.P.E.R.app; sourceTree = BUILT_PRODUCTS_DIR; };
		63C9CA701FD79E6F0027763B /* AppDelegate.swift */ = {isa = PBXFileReference; lastKnownFileType = sourcecode.swift; path = AppDelegate.swift; sourceTree = "<group>"; };
		63C9CA771FD79E6F0027763B /* Assets.xcassets */ = {isa = PBXFileReference; lastKnownFileType = folder.assetcatalog; path = Assets.xcassets; sourceTree = "<group>"; };
		63C9CA7A1FD79E6F0027763B /* Base */ = {isa = PBXFileReference; lastKnownFileType = file.storyboard; name = Base; path = Base.lproj/LaunchScreen.storyboard; sourceTree = "<group>"; };
		63C9CA7C1FD79E6F0027763B /* Info.plist */ = {isa = PBXFileReference; lastKnownFileType = text.plist.xml; path = Info.plist; sourceTree = "<group>"; };
		63C9CA811FD79E6F0027763B /* V.I.P.E.RTests.xctest */ = {isa = PBXFileReference; explicitFileType = wrapper.cfbundle; includeInIndex = 0; path = V.I.P.E.RTests.xctest; sourceTree = BUILT_PRODUCTS_DIR; };
		63C9CA851FD79E6F0027763B /* V_I_P_E_RTests.swift */ = {isa = PBXFileReference; lastKnownFileType = sourcecode.swift; path = V_I_P_E_RTests.swift; sourceTree = "<group>"; };
		63C9CA871FD79E700027763B /* Info.plist */ = {isa = PBXFileReference; lastKnownFileType = text.plist.xml; path = Info.plist; sourceTree = "<group>"; };
		63C9CA8C1FD79E700027763B /* V.I.P.E.RUITests.xctest */ = {isa = PBXFileReference; explicitFileType = wrapper.cfbundle; includeInIndex = 0; path = V.I.P.E.RUITests.xctest; sourceTree = BUILT_PRODUCTS_DIR; };
		63C9CA901FD79E700027763B /* V_I_P_E_RUITests.swift */ = {isa = PBXFileReference; lastKnownFileType = sourcecode.swift; path = V_I_P_E_RUITests.swift; sourceTree = "<group>"; };
		63C9CA921FD79E700027763B /* Info.plist */ = {isa = PBXFileReference; lastKnownFileType = text.plist.xml; path = Info.plist; sourceTree = "<group>"; };
		63C9CA9E1FD79FA70027763B /* TableViewController.swift */ = {isa = PBXFileReference; lastKnownFileType = sourcecode.swift; path = TableViewController.swift; sourceTree = "<group>"; };
		63C9CAA01FD7A13A0027763B /* Entity.swift */ = {isa = PBXFileReference; lastKnownFileType = sourcecode.swift; path = Entity.swift; sourceTree = "<group>"; };
		63C9CAA21FD7A1BF0027763B /* ViewProtocol.swift */ = {isa = PBXFileReference; lastKnownFileType = sourcecode.swift; path = ViewProtocol.swift; sourceTree = "<group>"; };
		63C9CAA41FD7A2790027763B /* Presenter.swift */ = {isa = PBXFileReference; lastKnownFileType = sourcecode.swift; path = Presenter.swift; sourceTree = "<group>"; };
/* End PBXFileReference section */

/* Begin PBXFrameworksBuildPhase section */
		63C9CA6A1FD79E6F0027763B /* Frameworks */ = {
			isa = PBXFrameworksBuildPhase;
			buildActionMask = 2147483647;
			files = (
			);
			runOnlyForDeploymentPostprocessing = 0;
		};
		63C9CA7E1FD79E6F0027763B /* Frameworks */ = {
			isa = PBXFrameworksBuildPhase;
			buildActionMask = 2147483647;
			files = (
			);
			runOnlyForDeploymentPostprocessing = 0;
		};
		63C9CA891FD79E700027763B /* Frameworks */ = {
			isa = PBXFrameworksBuildPhase;
			buildActionMask = 2147483647;
			files = (
			);
			runOnlyForDeploymentPostprocessing = 0;
		};
/* End PBXFrameworksBuildPhase section */

/* Begin PBXGroup section */
		632E5950200469050053F401 /* Utils */ = {
			isa = PBXGroup;
			children = (
				632E5951200469100053F401 /* DataManagers */,
			);
			path = Utils;
			sourceTree = "<group>";
		};
		632E5951200469100053F401 /* DataManagers */ = {
			isa = PBXGroup;
			children = (
				632E59522004698F0053F401 /* Local */,
			);
			path = DataManagers;
			sourceTree = "<group>";
		};
		632E59522004698F0053F401 /* Local */ = {
			isa = PBXGroup;
			children = (
				632E5953200469B90053F401 /* PersonaLocalDataManager.swift */,
			);
			path = Local;
			sourceTree = "<group>";
		};
		635B4EF6200A14DC006DA456 /* Modules */ = {
			isa = PBXGroup;
			children = (
				635B4EF7200A15F8006DA456 /* PersonasList */,
			);
			path = Modules;
			sourceTree = "<group>";
		};
		635B4EF7200A15F8006DA456 /* PersonasList */ = {
			isa = PBXGroup;
			children = (
				635B4EFB200A2042006DA456 /* Interactor */,
				635B4EFA200A202D006DA456 /* Router */,
				635B4EF9200A16A6006DA456 /* Presenter */,
				635B4EF8200A1631006DA456 /* View */,
			);
			path = PersonasList;
			sourceTree = "<group>";
		};
		635B4EF8200A1631006DA456 /* View */ = {
			isa = PBXGroup;
			children = (
				633C0D0520E88DE5006DAAB3 /* Main.storyboard */,
				6341AADC1FFF18AB003B4B1D /* AddViewController.swift */,
				63C9CA9E1FD79FA70027763B /* TableViewController.swift */,
				63C9CAA21FD7A1BF0027763B /* ViewProtocol.swift */,
			);
			path = View;
			sourceTree = "<group>";
		};
		635B4EF9200A16A6006DA456 /* Presenter */ = {
			isa = PBXGroup;
			children = (
				63C9CAA41FD7A2790027763B /* Presenter.swift */,
			);
			path = Presenter;
			sourceTree = "<group>";
		};
		635B4EFA200A202D006DA456 /* Router */ = {
			isa = PBXGroup;
			children = (
				63A0F0031FF8822B00E0DD55 /* Routing.swift */,
			);
			path = Router;
			sourceTree = "<group>";
		};
		635B4EFB200A2042006DA456 /* Interactor */ = {
			isa = PBXGroup;
			children = (
				63A0F0011FF880D600E0DD55 /* InputOutput.swift */,
				63A0EFFE1FF87E2700E0DD55 /* Interactor.swift */,
			);
			path = Interactor;
			sourceTree = "<group>";
		};
		635B4EFC200A25BD006DA456 /* Entities */ = {
			isa = PBXGroup;
			children = (
				63A0F0001FF8807900E0DD55 /* Persona */,
			);
			path = Entities;
			sourceTree = "<group>";
		};
		63A0F0001FF8807900E0DD55 /* Persona */ = {
			isa = PBXGroup;
			children = (
				63C9CAA01FD7A13A0027763B /* Entity.swift */,
			);
			path = Persona;
			sourceTree = "<group>";
		};
		63C9CA641FD79E6F0027763B = {
			isa = PBXGroup;
			children = (
				63C9CA6F1FD79E6F0027763B /* V.I.P.E.R */,
				63C9CA841FD79E6F0027763B /* V.I.P.E.RTests */,
				63C9CA8F1FD79E700027763B /* V.I.P.E.RUITests */,
				63C9CA6E1FD79E6F0027763B /* Products */,
			);
			sourceTree = "<group>";
		};
		63C9CA6E1FD79E6F0027763B /* Products */ = {
			isa = PBXGroup;
			children = (
				63C9CA6D1FD79E6F0027763B /* V.I.P.E.R.app */,
				63C9CA811FD79E6F0027763B /* V.I.P.E.RTests.xctest */,
				63C9CA8C1FD79E700027763B /* V.I.P.E.RUITests.xctest */,
			);
			name = Products;
			sourceTree = "<group>";
		};
		63C9CA6F1FD79E6F0027763B /* V.I.P.E.R */ = {
			isa = PBXGroup;
			children = (
				635B4EFC200A25BD006DA456 /* Entities */,
				635B4EF6200A14DC006DA456 /* Modules */,
				632E5950200469050053F401 /* Utils */,
				63C9CA701FD79E6F0027763B /* AppDelegate.swift */,
				63C9CA771FD79E6F0027763B /* Assets.xcassets */,
				63C9CA791FD79E6F0027763B /* LaunchScreen.storyboard */,
				63C9CA7C1FD79E6F0027763B /* Info.plist */,
			);
			path = V.I.P.E.R;
			sourceTree = "<group>";
		};
		63C9CA841FD79E6F0027763B /* V.I.P.E.RTests */ = {
			isa = PBXGroup;
			children = (
				63C9CA851FD79E6F0027763B /* V_I_P_E_RTests.swift */,
				63C9CA871FD79E700027763B /* Info.plist */,
			);
			path = V.I.P.E.RTests;
			sourceTree = "<group>";
		};
		63C9CA8F1FD79E700027763B /* V.I.P.E.RUITests */ = {
			isa = PBXGroup;
			children = (
				63C9CA901FD79E700027763B /* V_I_P_E_RUITests.swift */,
				63C9CA921FD79E700027763B /* Info.plist */,
			);
			path = V.I.P.E.RUITests;
			sourceTree = "<group>";
		};
/* End PBXGroup section */

/* Begin PBXNativeTarget section */
		63C9CA6C1FD79E6F0027763B /* V.I.P.E.R */ = {
			isa = PBXNativeTarget;
			buildConfigurationList = 63C9CA951FD79E700027763B /* Build configuration list for PBXNativeTarget "V.I.P.E.R" */;
			buildPhases = (
				63C9CA691FD79E6F0027763B /* Sources */,
				63C9CA6A1FD79E6F0027763B /* Frameworks */,
				63C9CA6B1FD79E6F0027763B /* Resources */,
			);
			buildRules = (
			);
			dependencies = (
			);
			name = V.I.P.E.R;
			productName = V.I.P.E.R;
			productReference = 63C9CA6D1FD79E6F0027763B /* V.I.P.E.R.app */;
			productType = "com.apple.product-type.application";
		};
		63C9CA801FD79E6F0027763B /* V.I.P.E.RTests */ = {
			isa = PBXNativeTarget;
			buildConfigurationList = 63C9CA981FD79E700027763B /* Build configuration list for PBXNativeTarget "V.I.P.E.RTests" */;
			buildPhases = (
				63C9CA7D1FD79E6F0027763B /* Sources */,
				63C9CA7E1FD79E6F0027763B /* Frameworks */,
				63C9CA7F1FD79E6F0027763B /* Resources */,
			);
			buildRules = (
			);
			dependencies = (
				63C9CA831FD79E6F0027763B /* PBXTargetDependency */,
			);
			name = V.I.P.E.RTests;
			productName = V.I.P.E.RTests;
			productReference = 63C9CA811FD79E6F0027763B /* V.I.P.E.RTests.xctest */;
			productType = "com.apple.product-type.bundle.unit-test";
		};
		63C9CA8B1FD79E700027763B /* V.I.P.E.RUITests */ = {
			isa = PBXNativeTarget;
			buildConfigurationList = 63C9CA9B1FD79E700027763B /* Build configuration list for PBXNativeTarget "V.I.P.E.RUITests" */;
			buildPhases = (
				63C9CA881FD79E700027763B /* Sources */,
				63C9CA891FD79E700027763B /* Frameworks */,
				63C9CA8A1FD79E700027763B /* Resources */,
			);
			buildRules = (
			);
			dependencies = (
				63C9CA8E1FD79E700027763B /* PBXTargetDependency */,
			);
			name = V.I.P.E.RUITests;
			productName = V.I.P.E.RUITests;
			productReference = 63C9CA8C1FD79E700027763B /* V.I.P.E.RUITests.xctest */;
			productType = "com.apple.product-type.bundle.ui-testing";
		};
/* End PBXNativeTarget section */

/* Begin PBXProject section */
		63C9CA651FD79E6F0027763B /* Project object */ = {
			isa = PBXProject;
			attributes = {
				LastSwiftUpdateCheck = 0920;
				LastUpgradeCheck = 0940;
				ORGANIZATIONNAME = David;
				TargetAttributes = {
					63C9CA6C1FD79E6F0027763B = {
						CreatedOnToolsVersion = 9.2;
						ProvisioningStyle = Automatic;
					};
					63C9CA801FD79E6F0027763B = {
						CreatedOnToolsVersion = 9.2;
						ProvisioningStyle = Automatic;
						TestTargetID = 63C9CA6C1FD79E6F0027763B;
					};
					63C9CA8B1FD79E700027763B = {
						CreatedOnToolsVersion = 9.2;
						ProvisioningStyle = Automatic;
						TestTargetID = 63C9CA6C1FD79E6F0027763B;
					};
				};
			};
			buildConfigurationList = 63C9CA681FD79E6F0027763B /* Build configuration list for PBXProject "V.I.P.E.R" */;
			compatibilityVersion = "Xcode 8.0";
			developmentRegion = en;
			hasScannedForEncodings = 0;
			knownRegions = (
				en,
				Base,
			);
			mainGroup = 63C9CA641FD79E6F0027763B;
			productRefGroup = 63C9CA6E1FD79E6F0027763B /* Products */;
			projectDirPath = "";
			projectRoot = "";
			targets = (
				63C9CA6C1FD79E6F0027763B /* V.I.P.E.R */,
				63C9CA801FD79E6F0027763B /* V.I.P.E.RTests */,
				63C9CA8B1FD79E700027763B /* V.I.P.E.RUITests */,
			);
		};
/* End PBXProject section */

/* Begin PBXResourcesBuildPhase section */
		63C9CA6B1FD79E6F0027763B /* Resources */ = {
			isa = PBXResourcesBuildPhase;
			buildActionMask = 2147483647;
			files = (
				633C0D0620E88DE5006DAAB3 /* Main.storyboard in Resources */,
				63C9CA7B1FD79E6F0027763B /* LaunchScreen.storyboard in Resources */,
				63C9CA781FD79E6F0027763B /* Assets.xcassets in Resources */,
			);
			runOnlyForDeploymentPostprocessing = 0;
		};
		63C9CA7F1FD79E6F0027763B /* Resources */ = {
			isa = PBXResourcesBuildPhase;
			buildActionMask = 2147483647;
			files = (
			);
			runOnlyForDeploymentPostprocessing = 0;
		};
		63C9CA8A1FD79E700027763B /* Resources */ = {
			isa = PBXResourcesBuildPhase;
			buildActionMask = 2147483647;
			files = (
			);
			runOnlyForDeploymentPostprocessing = 0;
		};
/* End PBXResourcesBuildPhase section */

/* Begin PBXSourcesBuildPhase section */
		63C9CA691FD79E6F0027763B /* Sources */ = {
			isa = PBXSourcesBuildPhase;
			buildActionMask = 2147483647;
			files = (
				63A0F0041FF8822B00E0DD55 /* Routing.swift in Sources */,
				63C9CAA51FD7A2790027763B /* Presenter.swift in Sources */,
				63C9CAA31FD7A1BF0027763B /* ViewProtocol.swift in Sources */,
				6341AADD1FFF18AB003B4B1D /* AddViewController.swift in Sources */,
				63C9CA9F1FD79FA70027763B /* TableViewController.swift in Sources */,
				63A0EFFF1FF87E2700E0DD55 /* Interactor.swift in Sources */,
				632E5954200469B90053F401 /* PersonaLocalDataManager.swift in Sources */,
				63A0F0021FF880D600E0DD55 /* InputOutput.swift in Sources */,
				63C9CAA11FD7A13A0027763B /* Entity.swift in Sources */,
				63C9CA711FD79E6F0027763B /* AppDelegate.swift in Sources */,
			);
			runOnlyForDeploymentPostprocessing = 0;
		};
		63C9CA7D1FD79E6F0027763B /* Sources */ = {
			isa = PBXSourcesBuildPhase;
			buildActionMask = 2147483647;
			files = (
				63C9CA861FD79E6F0027763B /* V_I_P_E_RTests.swift in Sources */,
			);
			runOnlyForDeploymentPostprocessing = 0;
		};
		63C9CA881FD79E700027763B /* Sources */ = {
			isa = PBXSourcesBuildPhase;
			buildActionMask = 2147483647;
			files = (
				63C9CA911FD79E700027763B /* V_I_P_E_RUITests.swift in Sources */,
			);
			runOnlyForDeploymentPostprocessing = 0;
		};
/* End PBXSourcesBuildPhase section */

/* Begin PBXTargetDependency section */
		63C9CA831FD79E6F0027763B /* PBXTargetDependency */ = {
			isa = PBXTargetDependency;
			target = 63C9CA6C1FD79E6F0027763B /* V.I.P.E.R */;
			targetProxy = 63C9CA821FD79E6F0027763B /* PBXContainerItemProxy */;
		};
		63C9CA8E1FD79E700027763B /* PBXTargetDependency */ = {
			isa = PBXTargetDependency;
			target = 63C9CA6C1FD79E6F0027763B /* V.I.P.E.R */;
			targetProxy = 63C9CA8D1FD79E700027763B /* PBXContainerItemProxy */;
		};
/* End PBXTargetDependency section */

/* Begin PBXVariantGroup section */
		63C9CA791FD79E6F0027763B /* LaunchScreen.storyboard */ = {
			isa = PBXVariantGroup;
			children = (
				63C9CA7A1FD79E6F0027763B /* Base */,
			);
			name = LaunchScreen.storyboard;
			sourceTree = "<group>";
		};
/* End PBXVariantGroup section */

/* Begin XCBuildConfiguration section */
		63C9CA931FD79E700027763B /* Debug */ = {
			isa = XCBuildConfiguration;
			buildSettings = {
				ALWAYS_SEARCH_USER_PATHS = NO;
				CLANG_ANALYZER_NONNULL = YES;
				CLANG_ANALYZER_NUMBER_OBJECT_CONVERSION = YES_AGGRESSIVE;
				CLANG_CXX_LANGUAGE_STANDARD = "gnu++14";
				CLANG_CXX_LIBRARY = "libc++";
				CLANG_ENABLE_MODULES = YES;
				CLANG_ENABLE_OBJC_ARC = YES;
				CLANG_WARN_BLOCK_CAPTURE_AUTORELEASING = YES;
				CLANG_WARN_BOOL_CONVERSION = YES;
				CLANG_WARN_COMMA = YES;
				CLANG_WARN_CONSTANT_CONVERSION = YES;
				CLANG_WARN_DEPRECATED_OBJC_IMPLEMENTATIONS = YES;
				CLANG_WARN_DIRECT_OBJC_ISA_USAGE = YES_ERROR;
				CLANG_WARN_DOCUMENTATION_COMMENTS = YES;
				CLANG_WARN_EMPTY_BODY = YES;
				CLANG_WARN_ENUM_CONVERSION = YES;
				CLANG_WARN_INFINITE_RECURSION = YES;
				CLANG_WARN_INT_CONVERSION = YES;
				CLANG_WARN_NON_LITERAL_NULL_CONVERSION = YES;
				CLANG_WARN_OBJC_IMPLICIT_RETAIN_SELF = YES;
				CLANG_WARN_OBJC_LITERAL_CONVERSION = YES;
				CLANG_WARN_OBJC_ROOT_CLASS = YES_ERROR;
				CLANG_WARN_RANGE_LOOP_ANALYSIS = YES;
				CLANG_WARN_STRICT_PROTOTYPES = YES;
				CLANG_WARN_SUSPICIOUS_MOVE = YES;
				CLANG_WARN_UNGUARDED_AVAILABILITY = YES_AGGRESSIVE;
				CLANG_WARN_UNREACHABLE_CODE = YES;
				CLANG_WARN__DUPLICATE_METHOD_MATCH = YES;
				CODE_SIGN_IDENTITY = "iPhone Developer";
				COPY_PHASE_STRIP = NO;
				DEBUG_INFORMATION_FORMAT = dwarf;
				ENABLE_STRICT_OBJC_MSGSEND = YES;
				ENABLE_TESTABILITY = YES;
				GCC_C_LANGUAGE_STANDARD = gnu11;
				GCC_DYNAMIC_NO_PIC = NO;
				GCC_NO_COMMON_BLOCKS = YES;
				GCC_OPTIMIZATION_LEVEL = 0;
				GCC_PREPROCESSOR_DEFINITIONS = (
					"DEBUG=1",
					"$(inherited)",
				);
				GCC_WARN_64_TO_32_BIT_CONVERSION = YES;
				GCC_WARN_ABOUT_RETURN_TYPE = YES_ERROR;
				GCC_WARN_UNDECLARED_SELECTOR = YES;
				GCC_WARN_UNINITIALIZED_AUTOS = YES_AGGRESSIVE;
				GCC_WARN_UNUSED_FUNCTION = YES;
				GCC_WARN_UNUSED_VARIABLE = YES;
				IPHONEOS_DEPLOYMENT_TARGET = 11.2;
				MTL_ENABLE_DEBUG_INFO = YES;
				ONLY_ACTIVE_ARCH = YES;
				SDKROOT = iphoneos;
				SWIFT_ACTIVE_COMPILATION_CONDITIONS = DEBUG;
				SWIFT_OPTIMIZATION_LEVEL = "-Onone";
			};
			name = Debug;
		};
		63C9CA941FD79E700027763B /* Release */ = {
			isa = XCBuildConfiguration;
			buildSettings = {
				ALWAYS_SEARCH_USER_PATHS = NO;
				CLANG_ANALYZER_NONNULL = YES;
				CLANG_ANALYZER_NUMBER_OBJECT_CONVERSION = YES_AGGRESSIVE;
				CLANG_CXX_LANGUAGE_STANDARD = "gnu++14";
				CLANG_CXX_LIBRARY = "libc++";
				CLANG_ENABLE_MODULES = YES;
				CLANG_ENABLE_OBJC_ARC = YES;
				CLANG_WARN_BLOCK_CAPTURE_AUTORELEASING = YES;
				CLANG_WARN_BOOL_CONVERSION = YES;
				CLANG_WARN_COMMA = YES;
				CLANG_WARN_CONSTANT_CONVERSION = YES;
				CLANG_WARN_DEPRECATED_OBJC_IMPLEMENTATIONS = YES;
				CLANG_WARN_DIRECT_OBJC_ISA_USAGE = YES_ERROR;
				CLANG_WARN_DOCUMENTATION_COMMENTS = YES;
				CLANG_WARN_EMPTY_BODY = YES;
				CLANG_WARN_ENUM_CONVERSION = YES;
				CLANG_WARN_INFINITE_RECURSION = YES;
				CLANG_WARN_INT_CONVERSION = YES;
				CLANG_WARN_NON_LITERAL_NULL_CONVERSION = YES;
				CLANG_WARN_OBJC_IMPLICIT_RETAIN_SELF = YES;
				CLANG_WARN_OBJC_LITERAL_CONVERSION = YES;
				CLANG_WARN_OBJC_ROOT_CLASS = YES_ERROR;
				CLANG_WARN_RANGE_LOOP_ANALYSIS = YES;
				CLANG_WARN_STRICT_PROTOTYPES = YES;
				CLANG_WARN_SUSPICIOUS_MOVE = YES;
				CLANG_WARN_UNGUARDED_AVAILABILITY = YES_AGGRESSIVE;
				CLANG_WARN_UNREACHABLE_CODE = YES;
				CLANG_WARN__DUPLICATE_METHOD_MATCH = YES;
				CODE_SIGN_IDENTITY = "iPhone Developer";
				COPY_PHASE_STRIP = NO;
				DEBUG_INFORMATION_FORMAT = "dwarf-with-dsym";
				ENABLE_NS_ASSERTIONS = NO;
				ENABLE_STRICT_OBJC_MSGSEND = YES;
				GCC_C_LANGUAGE_STANDARD = gnu11;
				GCC_NO_COMMON_BLOCKS = YES;
				GCC_WARN_64_TO_32_BIT_CONVERSION = YES;
				GCC_WARN_ABOUT_RETURN_TYPE = YES_ERROR;
				GCC_WARN_UNDECLARED_SELECTOR = YES;
				GCC_WARN_UNINITIALIZED_AUTOS = YES_AGGRESSIVE;
				GCC_WARN_UNUSED_FUNCTION = YES;
				GCC_WARN_UNUSED_VARIABLE = YES;
				IPHONEOS_DEPLOYMENT_TARGET = 11.2;
				MTL_ENABLE_DEBUG_INFO = NO;
				SDKROOT = iphoneos;
				SWIFT_OPTIMIZATION_LEVEL = "-Owholemodule";
				VALIDATE_PRODUCT = YES;
			};
			name = Release;
		};
		63C9CA961FD79E700027763B /* Debug */ = {
			isa = XCBuildConfiguration;
			buildSettings = {
				ASSETCATALOG_COMPILER_APPICON_NAME = AppIcon;
				CODE_SIGN_STYLE = Automatic;
				DEVELOPMENT_TEAM = 448PLWK7J3;
				INFOPLIST_FILE = V.I.P.E.R/Info.plist;
				IPHONEOS_DEPLOYMENT_TARGET = 10.2;
				LD_RUNPATH_SEARCH_PATHS = "$(inherited) @executable_path/Frameworks";
				PRODUCT_BUNDLE_IDENTIFIER = "com.davidian.V-I-P-E-R";
				PRODUCT_NAME = "$(TARGET_NAME)";
				SWIFT_VERSION = 4.0;
				TARGETED_DEVICE_FAMILY = "1,2";
			};
			name = Debug;
		};
		63C9CA971FD79E700027763B /* Release */ = {
			isa = XCBuildConfiguration;
			buildSettings = {
				ASSETCATALOG_COMPILER_APPICON_NAME = AppIcon;
				CODE_SIGN_STYLE = Automatic;
				DEVELOPMENT_TEAM = 448PLWK7J3;
				INFOPLIST_FILE = V.I.P.E.R/Info.plist;
				IPHONEOS_DEPLOYMENT_TARGET = 10.2;
				LD_RUNPATH_SEARCH_PATHS = "$(inherited) @executable_path/Frameworks";
				PRODUCT_BUNDLE_IDENTIFIER = "com.davidian.V-I-P-E-R";
				PRODUCT_NAME = "$(TARGET_NAME)";
				SWIFT_VERSION = 4.0;
				TARGETED_DEVICE_FAMILY = "1,2";
			};
			name = Release;
		};
		63C9CA991FD79E700027763B /* Debug */ = {
			isa = XCBuildConfiguration;
			buildSettings = {
				ALWAYS_EMBED_SWIFT_STANDARD_LIBRARIES = YES;
				BUNDLE_LOADER = "$(TEST_HOST)";
				CODE_SIGN_STYLE = Automatic;
				DEVELOPMENT_TEAM = 448PLWK7J3;
				INFOPLIST_FILE = V.I.P.E.RTests/Info.plist;
				LD_RUNPATH_SEARCH_PATHS = "$(inherited) @executable_path/Frameworks @loader_path/Frameworks";
				PRODUCT_BUNDLE_IDENTIFIER = "com.davidian.V-I-P-E-RTests";
				PRODUCT_NAME = "$(TARGET_NAME)";
				SWIFT_VERSION = 4.0;
				TARGETED_DEVICE_FAMILY = "1,2";
				TEST_HOST = "$(BUILT_PRODUCTS_DIR)/V.I.P.E.R.app/V.I.P.E.R";
			};
			name = Debug;
		};
		63C9CA9A1FD79E700027763B /* Release */ = {
			isa = XCBuildConfiguration;
			buildSettings = {
				ALWAYS_EMBED_SWIFT_STANDARD_LIBRARIES = YES;
				BUNDLE_LOADER = "$(TEST_HOST)";
				CODE_SIGN_STYLE = Automatic;
				DEVELOPMENT_TEAM = 448PLWK7J3;
				INFOPLIST_FILE = V.I.P.E.RTests/Info.plist;
				LD_RUNPATH_SEARCH_PATHS = "$(inherited) @executable_path/Frameworks @loader_path/Frameworks";
				PRODUCT_BUNDLE_IDENTIFIER = "com.davidian.V-I-P-E-RTests";
				PRODUCT_NAME = "$(TARGET_NAME)";
				SWIFT_VERSION = 4.0;
				TARGETED_DEVICE_FAMILY = "1,2";
				TEST_HOST = "$(BUILT_PRODUCTS_DIR)/V.I.P.E.R.app/V.I.P.E.R";
			};
			name = Release;
		};
		63C9CA9C1FD79E700027763B /* Debug */ = {
			isa = XCBuildConfiguration;
			buildSettings = {
				ALWAYS_EMBED_SWIFT_STANDARD_LIBRARIES = YES;
				CODE_SIGN_STYLE = Automatic;
				DEVELOPMENT_TEAM = 448PLWK7J3;
				INFOPLIST_FILE = V.I.P.E.RUITests/Info.plist;
				LD_RUNPATH_SEARCH_PATHS = "$(inherited) @executable_path/Frameworks @loader_path/Frameworks";
				PRODUCT_BUNDLE_IDENTIFIER = "com.davidian.V-I-P-E-RUITests";
				PRODUCT_NAME = "$(TARGET_NAME)";
				SWIFT_VERSION = 4.0;
				TARGETED_DEVICE_FAMILY = "1,2";
				TEST_TARGET_NAME = V.I.P.E.R;
			};
			name = Debug;
		};
		63C9CA9D1FD79E700027763B /* Release */ = {
			isa = XCBuildConfiguration;
			buildSettings = {
				ALWAYS_EMBED_SWIFT_STANDARD_LIBRARIES = YES;
				CODE_SIGN_STYLE = Automatic;
				DEVELOPMENT_TEAM = 448PLWK7J3;
				INFOPLIST_FILE = V.I.P.E.RUITests/Info.plist;
				LD_RUNPATH_SEARCH_PATHS = "$(inherited) @executable_path/Frameworks @loader_path/Frameworks";
				PRODUCT_BUNDLE_IDENTIFIER = "com.davidian.V-I-P-E-RUITests";
				PRODUCT_NAME = "$(TARGET_NAME)";
				SWIFT_VERSION = 4.0;
				TARGETED_DEVICE_FAMILY = "1,2";
				TEST_TARGET_NAME = V.I.P.E.R;
			};
			name = Release;
		};
/* End XCBuildConfiguration section */

/* Begin XCConfigurationList section */
		63C9CA681FD79E6F0027763B /* Build configuration list for PBXProject "V.I.P.E.R" */ = {
			isa = XCConfigurationList;
			buildConfigurations = (
				63C9CA931FD79E700027763B /* Debug */,
				63C9CA941FD79E700027763B /* Release */,
			);
			defaultConfigurationIsVisible = 0;
			defaultConfigurationName = Release;
		};
		63C9CA951FD79E700027763B /* Build configuration list for PBXNativeTarget "V.I.P.E.R" */ = {
			isa = XCConfigurationList;
			buildConfigurations = (
				63C9CA961FD79E700027763B /* Debug */,
				63C9CA971FD79E700027763B /* Release */,
			);
			defaultConfigurationIsVisible = 0;
			defaultConfigurationName = Release;
		};
		63C9CA981FD79E700027763B /* Build configuration list for PBXNativeTarget "V.I.P.E.RTests" */ = {
			isa = XCConfigurationList;
			buildConfigurations = (
				63C9CA991FD79E700027763B /* Debug */,
				63C9CA9A1FD79E700027763B /* Release */,
			);
			defaultConfigurationIsVisible = 0;
			defaultConfigurationName = Release;
		};
		63C9CA9B1FD79E700027763B /* Build configuration list for PBXNativeTarget "V.I.P.E.RUITests" */ = {
			isa = XCConfigurationList;
			buildConfigurations = (
				63C9CA9C1FD79E700027763B /* Debug */,
				63C9CA9D1FD79E700027763B /* Release */,
			);
			defaultConfigurationIsVisible = 0;
			defaultConfigurationName = Release;
		};
/* End XCConfigurationList section */
	};
	rootObject = 63C9CA651FD79E6F0027763B /* Project object */;
}
